version = 1
revision = 3
requires-python = ">=3.12"
resolution-markers = [
    "python_full_version >= '3.14'",
    "python_full_version == '3.13.*'",
    "python_full_version < '3.13'",
]

[[package]]
name = "black"
version = "26.5.1"
source = { registry = "https://pypi.org/simple" }
dependencies = [
    { name = "click" },
    { name = "mypy-extensions" },
    { name = "packaging" },
    { name = "pathspec" },
    { name = "platformdirs" },
    { name = "pytokens" },
]
sdist = { url = "https://files.pythonhosted.org/packages/c0/37/5628dd55bf2b34257fc7603f0fe97c40e3aaf24265f416a9c85c95ca1436/black-26.5.1.tar.gz", hash = "sha256:dd321f668053961824bcc1be1cc1df748b2d7e4fa28086b08331e577b0100a73", size = 679439, upload-time = "2026-05-18T16:53:36.107Z" }
wheels = [
    { url = "https://files.pythonhosted.org/packages/24/99/7744b906703228264ef73bdd534df88ec1ef3de45c4e78f6d31b9e32d0c9/black-26.5.1-cp312-cp312-macosx_10_13_x86_64.whl", hash = "sha256:4ad6fa01f941920f54f2bbb35f3df7673428a0ef98a0b0840c2eaef3b110efa8", size = 2012518, upload-time = "2026-05-18T17:05:20.108Z" },
    { url = "https://files.pythonhosted.org/packages/b7/c0/c5a3b1636dfd09c42534f2b3cf33506814f6d3e066fb0879ffa16c1ae860/black-26.5.1-cp312-cp312-macosx_11_0_arm64.whl", hash = "sha256:3915f256e75a2d7cf88d8953d37f780455dc586cc72dee059c528fe77f581217", size = 1816016, upload-time = "2026-05-18T17:05:21.84Z" },
    { url = "https://files.pythonhosted.org/packages/1f/0e/36044316b65ca471d3bb6d3703fd06fb50c6b727c3562f6a5a3153634f88/black-26.5.1-cp312-cp312-manylinux2014_x86_64.manylinux_2_17_x86_64.manylinux_2_28_x86_64.whl", hash = "sha256:9d98d4137277c75dfb898ec8d846c4fd68ba1e9cf77f95e2865c203dc18f4c3d", size = 1884150, upload-time = "2026-05-18T17:05:23.546Z" },
    { url = "https://files.pythonhosted.org/packages/b3/33/dafc5808c2af43672912111d7c3354af1615f7e2be3bed7a878461abbe4d/black-26.5.1-cp312-cp312-win_amd64.whl", hash = "sha256:a1dca32d9f1784af512a13410ec204c6f7f0aa9797a111c42e1c03449821c264", size = 1486825, upload-time = "2026-05-18T17:05:25.004Z" },
    { url = "https://files.pythonhosted.org/packages/82/14/b965ee6ad2a311f28bdbf692def3ee9848d2ae289dab28b27657fcee3e78/black-26.5.1-cp312-cp312-win_arm64.whl", hash = "sha256:1037d5ac7b7b310b2632ad867ec8d0e4c4819dcdb0b820f63135da746a24e418", size = 1288646, upload-time = "2026-05-18T17:05:26.477Z" },
    { url = "https://files.pythonhosted.org/packages/3f/5c/c384363980e11e25ca6b93205949bb331fbf35f4e0dbec376dfa6326cec8/black-26.5.1-cp313-cp313-macosx_10_13_x86_64.whl", hash = "sha256:2b36cf2ddf5566e205f6535f782a62194a184d33e175b64ae8c40b1737522be3", size = 2009020, upload-time = "2026-05-18T17:05:28.132Z" },
    { url = "https://files.pythonhosted.org/packages/0b/df/9f31c5e0babbfed77d505fc5d120beb98b21b33feaeded3924ea941fe360/black-26.5.1-cp313-cp313-macosx_11_0_arm64.whl", hash = "sha256:1f7ea64ebfa01b50f693508fc39f875e264446d3b097088f84f203b9d09618a0", size = 1813335, upload-time = "2026-05-18T17:05:31.266Z" },
    { url = "https://files.pythonhosted.org/packages/fb/24/8e7b9a2fa61b0afd82209efe937557d180a1fa055bd7f6161eb9defc3719/black-26.5.1-cp313-cp313-manylinux2014_x86_64.manylinux_2_17_x86_64.manylinux_2_28_x86_64.whl", hash = "sha256:ecb3e624844c798144e9bd986954e0adc81d8911a1f30f375e1252fe26e8c294", size = 1881614, upload-time = "2026-05-18T17:05:32.718Z" },
    { url = "https://files.pythonhosted.org/packages/49/ad/b4e0d9365ba8ac34f6bbab62a4b1b2dd5d618fac3fa1b8db968c844201b5/black-26.5.1-cp313-cp313-win_amd64.whl", hash = "sha256:e1a26503279b6b310669fb0b219c39e4820b77e8189fe80f522bb511f247db0a", size = 1488925, upload-time = "2026-05-18T17:05:34.259Z" },
    { url = "https://files.pythonhosted.org/packages/a1/4b/652b859bf5df88a751c30451b09338f7fd26a77d1271c666992f836b7711/black-26.5.1-cp313-cp313-win_arm64.whl", hash = "sha256:5c34b25da232ead53a6f335b76dbea124f4d152ad568b9080d6f944bc2b34b52", size = 1289883, upload-time = "2026-05-18T17:05:36.019Z" },
    { url = "https://files.pythonhosted.org/packages/a6/16/a8da8eb208c51c7f4ce74609a45d0dcc6d8a2141e45e81ee5289d1bb0d59/black-26.5.1-cp314-cp314-macosx_10_15_x86_64.whl", hash = "sha256:e88976690a64b0af98312ca958415849cb42423423c5f2ee74af4b49a97a2168", size = 2004800, upload-time = "2026-05-18T17:05:38.182Z" },
    { url = "https://files.pythonhosted.org/packages/11/8a/a479296a19e383b70a725882a6cf3d786540601ff03cabbaaf1cce864c5a/black-26.5.1-cp314-cp314-macosx_11_0_arm64.whl", hash = "sha256:32d5ea7f6c8bdfa6e648326ebca1f02b0764e2a029edc6f8dce2627e19d468c3", size = 1815576, upload-time = "2026-05-18T17:05:40.309Z" },
    { url = "https://files.pythonhosted.org/packages/81/6b/cfaf3d39f25132c156a068f6b805576c9103a84086019507c70e1911ee7d/black-26.5.1-cp314-cp314-manylinux2014_x86_64.manylinux_2_17_x86_64.manylinux_2_28_x86_64.whl", hash = "sha256:ea8d16dc41655aa113cd64665e7219446cd7e4ff2248d7178eaa905190c86b18", size = 1877927, upload-time = "2026-05-18T17:05:42.463Z" },
    { url = "https://files.pythonhosted.org/packages/66/76/302e313964bcff7e28df329d39f84f5270095730d85ff0acc260610a0d82/black-26.5.1-cp314-cp314-win_amd64.whl", hash = "sha256:577f21094ea469ef92ec1adaf2c9441a226d2144d01a5be2fa823cecf6543e50", size = 1511860, upload-time = "2026-05-18T17:05:43.943Z" },
    { url = "https://files.pythonhosted.org/packages/27/4e/a3827e35e0e567f9f9ee59e2a0ab979267dca98718f25547ca8c6733afd4/black-26.5.1-cp314-cp314-win_arm64.whl", hash = "sha256:ed1a20af114c301a0269bf01163d51dbef72737fd65f850001e7cbe7f3c7abae", size = 1316632, upload-time = "2026-05-18T17:05:45.521Z" },
    { url = "https://files.pythonhosted.org/packages/94/51/f975cae76d44274cc2868dc9040ac5d58d464784610234455b4e7b19c6ef/black-26.5.1-py3-none-any.whl", hash = "sha256:4ed7f7da04046d2e488437170797d3b4a4ad83906683bcb7dfc68b673bbce5e2", size = 213693, upload-time = "2026-05-18T16:53:33.964Z" },
]

[[package]]
name = "click"
version = "8.4.2"
source = { registry = "https://pypi.org/simple" }
dependencies = [
    { name = "colorama", marker = "sys_platform == 'win32'" },
]
sdist = { url = "https://files.pythonhosted.org/packages/76/d4/81420972a676e8ffea40450d8c8c92943e7218a78fe9b64359836cc9876b/click-8.4.2.tar.gz", hash = "sha256:9a6cea6e60b17ebe0a44c5cc636d94f09bd66142c1cd7d8b4cd731c4917a15f6", size = 338000, upload-time = "2026-06-24T17:45:15.148Z" }
wheels = [
    { url = "https://files.pythonhosted.org/packages/fb/e2/79c688af8b210d232694e31e59da9f6ec747bae31c3f5946e4e9b98860d5/click-8.4.2-py3-none-any.whl", hash = "sha256:e6f9f66136c816745b9d65817da91d61d957fb16e02e4dcd0552553c5a197b76", size = 119243, upload-time = "2026-06-24T17:45:13.73Z" },
]

[[package]]
name = "colorama"
version = "0.4.6"
source = { registry = "https://pypi.org/simple" }
sdist = { url = "https://files.pythonhosted.org/packages/d8/53/6f443c9a4a8358a93a6792e2acffb9d9d5cb0a5cfd8802644b7b1c9a02e4/colorama-0.4.6.tar.gz", hash = "sha256:08695f5cb7ed6e0531a20572697297273c47b8cae5a63ffc6d6ed5c201be6e44", size = 27697, upload-time = "2022-10-25T02:36:22.414Z" }
wheels = [
    { url = "https://files.pythonhosted.org/packages/d1/d6/3965ed04c63042e047cb6a3e6ed1a63a35087b6a609aa3a15ed8ac56c221/colorama-0.4.6-py2.py3-none-any.whl", hash = "sha256:4f1d9991f5acc0ca119f9d443620b77f9d6b33703e51011c16baf57afb285fc6", size = 25335, upload-time = "2022-10-25T02:36:20.889Z" },
]

[[package]]
name = "libcst"
version = "1.9.0"
source = { registry = "https://pypi.org/simple" }
dependencies = [
    { name = "pyyaml", marker = "python_full_version != '3.13.*'" },
    { name = "pyyaml-ft", marker = "python_full_version == '3.13.*'" },
]
sdist = { url = "https://files.pythonhosted.org/packages/02/c0/098e5c91ff1537f00c85a6438b6cb1863d17144680cc91f47c87f104a200/libcst-1.9.0.tar.gz", hash = "sha256:087b58a9afe076bb08e2d726478e1f16cb928d67ffa9092817e033c335de522a", size = 914739, upload-time = "2026-07-29T21:28:43.153Z" }
wheels = [
    { url = "https://files.pythonhosted.org/packages/b0/bb/d22c37c33dfe18084634f5ef89f8f0749ffe7b6e0ad312722aafd86bbbdb/libcst-1.9.0-cp312-cp312-macosx_11_0_arm64.whl", hash = "sha256:cd1a3500c41784075c4946a995d5ad89f68fa0d226b63ff3c4d78f6ea6dd23e5", size = 2043159, upload-time = "2026-07-29T19:24:49.013Z" },
    { url = "https://files.pythonhosted.org/packages/10/b8/2dedef84d72e7271119217503b69ed6dc5d0b2077685e163caae669d9c70/libcst-1.9.0-cp312-cp312-manylinux_2_28_aarch64.whl", hash = "sha256:611cebd3bbc2014576f4dcc7b845b3c594c96ddc287a3db9b78f22eff156a7d3", size = 2203245, upload-time = "2026-07-29T19:24:50.399Z" },
    { url = "https://files.pythonhosted.org/packages/e8/90/e02ac2dad647423f947bb11f8322bfdba8ccfdd380e6c7b695add2d1acd4/libcst-1.9.0-cp312-cp312-manylinux_2_28_x86_64.whl", hash = "sha256:8d731abe1307720ea1a52d447555e8443a6d130e0e520243c0634a58f6edbc9d", size = 2255388, upload-time = "2026-07-29T19:24:52.21Z" },
    { url = "https://files.pythonhosted.org/packages/13/5f/6089a51518cfd2ff40950eb26bcc36951d7b6d4f4213568aa0290265aff7/libcst-1.9.0-cp312-cp312-musllinux_1_2_aarch64.whl", hash = "sha256:8bc5351d92ca6ac1cc32e097700e1161ad1ceaa4d9b2cca5abadb1e94576b325", size = 2268982, upload-time = "2026-07-29T19:24:53.562Z" },
    { url = "https://files.pythonhosted.org/packages/ed/78/26881ec466fb70cbc129dca26ccb5a52a0061face2c5822e4b61f00f9699/libcst-1.9.0-cp312-cp312-musllinux_1_2_x86_64.whl", hash = "sha256:03165a264653bb77f6a11b412ae09c08bdb0c25864f3b8d42b816ac64b9d4b9e", size = 2378174, upload-time = "2026-07-29T19:24:55.175Z" },
    { url = "https://files.pythonhosted.org/packages/e1/7a/a4dba5f11faf12a12ffba06d18019987851aab33b590242a602ffd4fb1bd/libcst-1.9.0-cp312-cp312-win_amd64.whl", hash = "sha256:b755ed4a4bc2faee849b54820023137d60d4c199e0a0822f0ff0c1bc49e49b48", size = 2103462, upload-time = "2026-07-29T19:24:56.966Z" },
    { url = "https://files.pythonhosted.org/packages/f5/13/57cb129093e0d6744b3c914ba6cbbdf51ed1b2c823882936c553a3a0cf1b/libcst-1.9.0-cp312-cp312-win_arm64.whl", hash = "sha256:6e50576bad7d56459d9792cd0b0dfe5469dad13646e9a9c0a8b1ba20b269f332", size = 1979825, upload-time = "2026-07-29T19:24:58.403Z" },
    { url = "https://files.pythonhosted.org/packages/f2/b1/befc0544283bb3923a928accf79ed685e5a725524bdb3491826670affc07/libcst-1.9.0-cp313-cp313-macosx_11_0_arm64.whl", hash = "sha256:b8b9df30f524317b097dc53065b25dda33d6a4cc3c7c8bf4fc83ca7559c58cc0", size = 2043754, upload-time = "2026-07-29T19:24:59.885Z" },
    { url = "https://files.pythonhosted.org/packages/45/50/fef7c172a8457c95894edf5fb04805024899cdfea41fa01b0636587b79e1/libcst-1.9.0-cp313-cp313-manylinux_2_28_aarch64.whl", hash = "sha256:e465a7bc9c2b9533eb9e06d2391f8819f811b5112919d4064c9fb8565aaafa08", size = 2203548, upload-time = "2026-07-29T19:25:01.323Z" },
    { url = "https://files.pythonhosted.org/packages/18/ff/764cd2be1fd99d774fc44039c319dc0ed1d9d9afeaa02759a05121cccd4b/libcst-1.9.0-cp313-cp313-manylinux_2_28_x86_64.whl", hash = "sha256:8504b422c95676a8c27b517e1ac01413ece91bf356865c587ca9bdcd5708a2f7", size = 2255274, upload-time = "2026-07-29T19:25:02.764Z" },
    { url = "https://files.pythonhosted.org/packages/34/a7/474748a27a02fa83e3556b260d5f5236ca48164fa7beffecf3b2cad24dca/libcst-1.9.0-cp313-cp313-musllinux_1_2_aarch64.whl", hash = "sha256:bcb9f9d4fcfe2ec7a40d2c26e03a538d5d9dc189c38551eb3f94ab661afee7c0", size = 2269126, upload-time = "2026-07-29T19:25:04.158Z" },
    { url = "https://files.pythonhosted.org/packages/8a/b7/655e45363b8cf87b91e41e060b21c89e5316c7ef36eb14a1a498b27bb71e/libcst-1.9.0-cp313-cp313-musllinux_1_2_x86_64.whl", hash = "sha256:e8d671c39a431c309476099b8ec811e412503ec0f4465f6fc907cb51c70e8e6b", size = 2378602, upload-time = "2026-07-29T19:25:06.424Z" },
    { url = "https://files.pythonhosted.org/packages/db/13/6da63f0902ece43bf9d737017251ad7ad06edd9d3c4e1856450403cb4473/libcst-1.9.0-cp313-cp313-win_amd64.whl", hash = "sha256:4d382fba04077eb556a1ea4295a4482e192aa93639c5a07ba0885841965ea0c0", size = 2103486, upload-time = "2026-07-29T19:25:07.979Z" },
    { url = "https://files.pythonhosted.org/packages/fd/ff/dccb1a55e38b4e47256a97242d61d2bef5366c744faf88fb087d4fa0f995/libcst-1.9.0-cp313-cp313-win_arm64.whl", hash = "sha256:a621e261990148c1cfbe26c1798bd2375c131cf358a44a7a4659fc41c1a336e1", size = 1979907, upload-time = "2026-07-29T19:25:09.532Z" },
    { url = "https://files.pythonhosted.org/packages/65/2a/4943c71d90975bc59034a057dea346b365c276f308c1d31f5cf2bd85492d/libcst-1.9.0-cp314-cp314-macosx_11_0_arm64.whl", hash = "sha256:eccf4c57d273cdd3fe1c67b72cf9bb1bbd4547aa011824e96ccf5b7136057aa4", size = 2044529, upload-time = "2026-07-29T19:25:11.04Z" },
    { url = "https://files.pythonhosted.org/packages/be/ed/1168b98c2a0f338be3a44753647baab051feaf6167cc887bf4447f8fd920/libcst-1.9.0-cp314-cp314-manylinux_2_28_aarch64.whl", hash = "sha256:32395244edfe6538e0ea2bf82051d60103d3f54861274805c4fb3745efb70a85", size = 2203519, upload-time = "2026-07-29T19:25:12.543Z" },
    { url = "https://files.pythonhosted.org/packages/25/7d/2eaa697a80f899bcf2245680bbfcc1e478eb3b3328c21d4b2880bdf00dac/libcst-1.9.0-cp314-cp314-manylinux_2_28_x86_64.whl", hash = "sha256:444e84c76cd035cd2fe136838c1a524d34b08216521f6f5093df8a6f6cfa5799", size = 2255879, upload-time = "2026-07-29T19:25:14.137Z" },
    { url = "https://files.pythonhosted.org/packages/90/03/793b9fd96dd52d202f5f2b88d7e54f05ebed767d1bb3b32395a1817bf6ab/libcst-1.9.0-cp314-cp314-musllinux_1_2_aarch64.whl", hash = "sha256:bb5d0946f2b4c6711b5d69fe4f833b364f9e7a1a2b08f88b98619dc18975099a", size = 2269807, upload-time = "2026-07-29T19:25:15.647Z" },
    { url = "https://files.pythonhosted.org/packages/a3/f4/1bc7aaea03971c45e8a885fed9fc1c73176dbbd00b0296a3cde9529bafd6/libcst-1.9.0-cp314-cp314-musllinux_1_2_x86_64.whl", hash = "sha256:45808c03528b3ad40b14095348a918e08d98c47b4a125d631cb78e817c0a5b16", size = 2378171, upload-time = "2026-07-29T19:25:17.289Z" },
    { url = "https://files.pythonhosted.org/packages/8e/f7/bc49e367d2bc8817213594dd52cf6b2da2dbbda90b5382d60653999274ac/libcst-1.9.0-cp314-cp314-win_amd64.whl", hash = "sha256:568288cdbfe3b4ca3ae4852cb0a439ff053dd54c841bc4995bf2b71238b5de40", size = 2177847, upload-time = "2026-07-29T19:25:19.35Z" },
    { url = "https://files.pythonhosted.org/packages/87/80/4d81577a22e6d535d1a3409f3a1c6903e09036f0e17fc47f92169dbc3501/libcst-1.9.0-cp314-cp314-win_arm64.whl", hash = "sha256:107593af46945593e7825821793393262bc4fa1d3ea24c3ed487b61269bbbdf8", size = 2058134, upload-time = "2026-07-29T19:25:20.769Z" },
    { url = "https://files.pythonhosted.org/packages/d1/7f/c3f3a0e7a1a2adaa76e815e82a7814d6bfe7d49432276bba652248c68d0b/libcst-1.9.0-cp314-cp314t-macosx_11_0_arm64.whl", hash = "sha256:f6248cb07444ab9a6733a855737a9febed8b9adca51347019348b09a3ac7dfe9", size = 2036102, upload-time = "2026-07-29T19:25:22.212Z" },
    { url = "https://files.pythonhosted.org/packages/4e/af/2f5543255b2c7d749b966adeccc6bfb1652cf8b425afb913d0f3f025a865/libcst-1.9.0-cp314-cp314t-manylinux_2_28_aarch64.whl", hash = "sha256:496c24e0d3240bc7da45dae543aff3f5b6509978c39262d6b84ed2fb999dded2", size = 2194806, upload-time = "2026-07-29T19:25:24.017Z" },
    { url = "https://files.pythonhosted.org/packages/cb/5b/03f4cddce426d005e208b39ea7b2d456e667cdee0f1891360f0fc8430f20/libcst-1.9.0-cp314-cp314t-manylinux_2_28_x86_64.whl", hash = "sha256:ea490fa8540503db5f321f0268becab46eb50f710e8cec8041e241fd66f6874f", size = 2246762, upload-time = "2026-07-29T19:25:25.365Z" },
    { url = "https://files.pythonhosted.org/packages/d8/31/9d5fe1e43dc3dbcc74f70f3e0e73fcdd8d84effc1059d8b45974f0d0d2eb/libcst-1.9.0-cp314-cp314t-musllinux_1_2_aarch64.whl", hash = "sha256:50ab94bb2524b419056d4003032b8c67102ac800f8d85b3c4260a01746d94dbb", size = 2259633, upload-time = "2026-07-29T19:25:26.928Z" },
    { url = "https://files.pythonhosted.org/packages/a8/2b/6752b28d88c3a19b3bc0b9e1838443b6760d5c862b4f4b37955402659e24/libcst-1.9.0-cp314-cp314t-musllinux_1_2_x86_64.whl", hash = "sha256:a2faaf92500d0226358125630f5aab4758e8aad3f2d70a10892ec3c700781a54", size = 2368043, upload-time = "2026-07-29T19:25:28.344Z" },
    { url = "https://files.pythonhosted.org/packages/e2/94/775825b2637f8ab05694b6a4b3802ae6783b4e799f9b58d2400c7e2d4369/libcst-1.9.0-cp314-cp314t-win_amd64.whl", hash = "sha256:0c7b548512db25af9c2997a95fa731bd6b6928ecbad6c0915d7482d8bb42d34f", size = 2176432, upload-time = "2026-07-29T19:25:29.921Z" },
    { url = "https://files.pythonhosted.org/packages/fb/3d/88ad67427c6fd9db929e087912b0a540e5140e5cb77e7ca4170edaac8531/libcst-1.9.0-cp314-cp314t-win_arm64.whl", hash = "sha256:497d5329345f1f5df84e41b0bbd00204b64a2fd30dfe3cfaeaebca633a31e877", size = 2052931, upload-time = "2026-07-29T19:25:31.397Z" },
]

[[package]]
name = "mypy-extensions"
version = "1.1.0"
source = { registry = "https://pypi.org/simple" }
sdist = { url = "https://files.pythonhosted.org/packages/a2/6e/371856a3fb9d31ca8dac321cda606860fa4548858c0cc45d9d1d4ca2628b/mypy_extensions-1.1.0.tar.gz", hash = "sha256:52e68efc3284861e772bbcd66823fde5ae21fd2fdb51c62a211403730b916558", size = 6343, upload-time = "2025-04-22T14:54:24.164Z" }
wheels = [
    { url = "https://files.pythonhosted.org/packages/79/7b/2c79738432f5c924bef5071f933bcc9efd0473bac3b4aa584a6f7c1c8df8/mypy_extensions-1.1.0-py3-none-any.whl", hash = "sha256:1be4cccdb0f2482337c4743e60421de3a356cd97508abadd57d47403e94f5505", size = 4963, upload-time = "2025-04-22T14:54:22.983Z" },
]

[[package]]
name = "packaging"
version = "26.2"
source = { registry = "https://pypi.org/simple" }
sdist = { url = "https://files.pythonhosted.org/packages/d7/f1/e7a6dd94a8d4a5626c03e4e99c87f241ba9e350cd9e6d75123f992427270/packaging-26.2.tar.gz", hash = "sha256:ff452ff5a3e828ce110190feff1178bb1f2ea2281fa2075aadb987c2fb221661", size = 228134, upload-time = "2026-04-24T20:15:23.917Z" }
wheels = [
    { url = "https://files.pythonhosted.org/packages/df/b2/87e62e8c3e2f4b32e5fe99e0b86d576da1312593b39f47d8ceef365e95ed/packaging-26.2-py3-none-any.whl", hash = "sha256:5fc45236b9446107ff2415ce77c807cee2862cb6fac22b8a73826d0693b0980e", size = 100195, upload-time = "2026-04-24T20:15:22.081Z" },
]

[[package]]
name = "pathspec"
version = "1.1.1"
source = { registry = "https://pypi.org/simple" }
sdist = { url = "https://files.pythonhosted.org/packages/5a/82/42f767fc1c1143d6fd36efb827202a2d997a375e160a71eb2888a925aac1/pathspec-1.1.1.tar.gz", hash = "sha256:17db5ecd524104a120e173814c90367a96a98d07c45b2e10c2f3919fff91bf5a", size = 135180, upload-time = "2026-04-27T01:46:08.907Z" }
wheels = [
    { url = "https://files.pythonhosted.org/packages/f1/d9/7fb5aa316bc299258e68c73ba3bddbc499654a07f151cba08f6153988714/pathspec-1.1.1-py3-none-any.whl", hash = "sha256:a00ce642f577bf7f473932318056212bc4f8bfdf53128c78bbd5af0b9b20b189", size = 57328, upload-time = "2026-04-27T01:46:07.06Z" },
]

[[package]]
name = "platformdirs"
version = "4.11.0"
source = { registry = "https://pypi.org/simple" }
sdist = { url = "https://files.pythonhosted.org/packages/78/9b/560e4be8e26f6fd133a03630a8df0c663b9e8d61b4ade152b72005aec83b/platformdirs-4.11.0.tar.gz", hash = "sha256:0555d18370482847566ffabcaa53ad7c6c1c29f195989ae1ed634a05f76ea1e0", size = 31953, upload-time = "2026-07-21T13:09:36.565Z" }
wheels = [
    { url = "https://files.pythonhosted.org/packages/7d/68/d8d58938dfb1370b266a1a729e6d77a985be23689a0496498ee17b2cbf90/platformdirs-4.11.0-py3-none-any.whl", hash = "sha256:360ccded2b7fce0af0ff80cc8f5942a1c5d99b0e856033acb030bfc634709e74", size = 23247, upload-time = "2026-07-21T13:09:35.422Z" },
]

[[package]]
name = "pytokens"
version = "0.4.1"
source = { registry = "https://pypi.org/simple" }
sdist = { url = "https://files.pythonhosted.org/packages/b6/34/b4e015b99031667a7b960f888889c5bd34ef585c85e1cb56a594b92836ac/pytokens-0.4.1.tar.gz", hash = "sha256:292052fe80923aae2260c073f822ceba21f3872ced9a68bb7953b348e561179a", size = 23015, upload-time = "2026-01-30T01:03:45.924Z" }
wheels = [
    { url = "https://files.pythonhosted.org/packages/41/5d/e44573011401fb82e9d51e97f1290ceb377800fb4eed650b96f4753b499c/pytokens-0.4.1-cp312-cp312-macosx_11_0_arm64.whl", hash = "sha256:140709331e846b728475786df8aeb27d24f48cbcf7bcd449f8de75cae7a45083", size = 160663, upload-time = "2026-01-30T01:03:06.473Z" },
    { url = "https://files.pythonhosted.org/packages/f0/e6/5bbc3019f8e6f21d09c41f8b8654536117e5e211a85d89212d59cbdab381/pytokens-0.4.1-cp312-cp312-manylinux2014_aarch64.manylinux_2_17_aarch64.manylinux_2_28_aarch64.whl", hash = "sha256:6d6c4268598f762bc8e91f5dbf2ab2f61f7b95bdc07953b602db879b3c8c18e1", size = 255626, upload-time = "2026-01-30T01:03:08.177Z" },
    { url = "https://files.pythonhosted.org/packages/bf/3c/2d5297d82286f6f3d92770289fd439956b201c0a4fc7e72efb9b2293758e/pytokens-0.4.1-cp312-cp312-manylinux2014_x86_64.manylinux_2_17_x86_64.manylinux_2_28_x86_64.whl", hash = "sha256:24afde1f53d95348b5a0eb19488661147285ca4dd7ed752bbc3e1c6242a304d1", size = 269779, upload-time = "2026-01-30T01:03:09.756Z" },
    { url = "https://files.pythonhosted.org/packages/20/01/7436e9ad693cebda0551203e0bf28f7669976c60ad07d6402098208476de/pytokens-0.4.1-cp312-cp312-musllinux_1_2_x86_64.whl", hash = "sha256:5ad948d085ed6c16413eb5fec6b3e02fa00dc29a2534f088d3302c47eb59adf9", size = 268076, upload-time = "2026-01-30T01:03:10.957Z" },
    { url = "https://files.pythonhosted.org/packages/2e/df/533c82a3c752ba13ae7ef238b7f8cdd272cf1475f03c63ac6cf3fcfb00b6/pytokens-0.4.1-cp312-cp312-win_amd64.whl", hash = "sha256:3f901fe783e06e48e8cbdc82d631fca8f118333798193e026a50ce1b3757ea68", size = 103552, upload-time = "2026-01-30T01:03:12.066Z" },
    { url = "https://files.pythonhosted.org/packages/cb/dc/08b1a080372afda3cceb4f3c0a7ba2bde9d6a5241f1edb02a22a019ee147/pytokens-0.4.1-cp313-cp313-macosx_11_0_arm64.whl", hash = "sha256:8bdb9d0ce90cbf99c525e75a2fa415144fd570a1ba987380190e8b786bc6ef9b", size = 160720, upload-time = "2026-01-30T01:03:13.843Z" },
    { url = "https://files.pythonhosted.org/packages/64/0c/41ea22205da480837a700e395507e6a24425151dfb7ead73343d6e2d7ffe/pytokens-0.4.1-cp313-cp313-manylinux2014_aarch64.manylinux_2_17_aarch64.manylinux_2_28_aarch64.whl", hash = "sha256:5502408cab1cb18e128570f8d598981c68a50d0cbd7c61312a90507cd3a1276f", size = 254204, upload-time = "2026-01-30T01:03:14.886Z" },
    { url = "https://files.pythonhosted.org/packages/e0/d2/afe5c7f8607018beb99971489dbb846508f1b8f351fcefc225fcf4b2adc0/pytokens-0.4.1-cp313-cp313-manylinux2014_x86_64.manylinux_2_17_x86_64.manylinux_2_28_x86_64.whl", hash = "sha256:29d1d8fb1030af4d231789959f21821ab6325e463f0503a61d204343c9b355d1", size = 268423, upload-time = "2026-01-30T01:03:15.936Z" },
    { url = "https://files.pythonhosted.org/packages/68/d4/00ffdbd370410c04e9591da9220a68dc1693ef7499173eb3e30d06e05ed1/pytokens-0.4.1-cp313-cp313-musllinux_1_2_x86_64.whl", hash = "sha256:970b08dd6b86058b6dc07efe9e98414f5102974716232d10f32ff39701e841c4", size = 266859, upload-time = "2026-01-30T01:03:17.458Z" },
    { url = "https://files.pythonhosted.org/packages/a7/c9/c3161313b4ca0c601eeefabd3d3b576edaa9afdefd32da97210700e47652/pytokens-0.4.1-cp313-cp313-win_amd64.whl", hash = "sha256:9bd7d7f544d362576be74f9d5901a22f317efc20046efe2034dced238cbbfe78", size = 103520, upload-time = "2026-01-30T01:03:18.652Z" },
    { url = "https://files.pythonhosted.org/packages/8f/a7/b470f672e6fc5fee0a01d9e75005a0e617e162381974213a945fcd274843/pytokens-0.4.1-cp314-cp314-macosx_11_0_arm64.whl", hash = "sha256:4a14d5f5fc78ce85e426aa159489e2d5961acf0e47575e08f35584009178e321", size = 160821, upload-time = "2026-01-30T01:03:19.684Z" },
    { url = "https://files.pythonhosted.org/packages/80/98/e83a36fe8d170c911f864bfded690d2542bfcfacb9c649d11a9e6eb9dc41/pytokens-0.4.1-cp314-cp314-manylinux2014_aarch64.manylinux_2_17_aarch64.manylinux_2_28_aarch64.whl", hash = "sha256:97f50fd18543be72da51dd505e2ed20d2228c74e0464e4262e4899797803d7fa", size = 254263, upload-time = "2026-01-30T01:03:20.834Z" },
    { url = "https://files.pythonhosted.org/packages/0f/95/70d7041273890f9f97a24234c00b746e8da86df462620194cef1d411ddeb/pytokens-0.4.1-cp314-cp314-manylinux2014_x86_64.manylinux_2_17_x86_64.manylinux_2_28_x86_64.whl", hash = "sha256:dc74c035f9bfca0255c1af77ddd2d6ae8419012805453e4b0e7513e17904545d", size = 268071, upload-time = "2026-01-30T01:03:21.888Z" },
    { url = "https://files.pythonhosted.org/packages/da/79/76e6d09ae19c99404656d7db9c35dfd20f2086f3eb6ecb496b5b31163bad/pytokens-0.4.1-cp314-cp314-musllinux_1_2_x86_64.whl", hash = "sha256:f66a6bbe741bd431f6d741e617e0f39ec7257ca1f89089593479347cc4d13324", size = 271716, upload-time = "2026-01-30T01:03:23.633Z" },
    { url = "https://files.pythonhosted.org/packages/79/37/482e55fa1602e0a7ff012661d8c946bafdc05e480ea5a32f4f7e336d4aa9/pytokens-0.4.1-cp314-cp314-win_amd64.whl", hash = "sha256:b35d7e5ad269804f6697727702da3c517bb8a5228afa450ab0fa787732055fc9", size = 104539, upload-time = "2026-01-30T01:03:24.788Z" },
    { url = "https://files.pythonhosted.org/packages/30/e8/20e7db907c23f3d63b0be3b8a4fd1927f6da2395f5bcc7f72242bb963dfe/pytokens-0.4.1-cp314-cp314t-macosx_11_0_arm64.whl", hash = "sha256:8fcb9ba3709ff77e77f1c7022ff11d13553f3c30299a9fe246a166903e9091eb", size = 168474, upload-time = "2026-01-30T01:03:26.428Z" },
    { url = "https://files.pythonhosted.org/packages/d6/81/88a95ee9fafdd8f5f3452107748fd04c24930d500b9aba9738f3ade642cc/pytokens-0.4.1-cp314-cp314t-manylinux2014_aarch64.manylinux_2_17_aarch64.manylinux_2_28_aarch64.whl", hash = "sha256:79fc6b8699564e1f9b521582c35435f1bd32dd06822322ec44afdeba666d8cb3", size = 290473, upload-time = "2026-01-30T01:03:27.415Z" },
    { url = "https://files.pythonhosted.org/packages/cf/35/3aa899645e29b6375b4aed9f8d21df219e7c958c4c186b465e42ee0a06bf/pytokens-0.4.1-cp314-cp314t-manylinux2014_x86_64.manylinux_2_17_x86_64.manylinux_2_28_x86_64.whl", hash = "sha256:d31b97b3de0f61571a124a00ffe9a81fb9939146c122c11060725bd5aea79975", size = 303485, upload-time = "2026-01-30T01:03:28.558Z" },
    { url = "https://files.pythonhosted.org/packages/52/a0/07907b6ff512674d9b201859f7d212298c44933633c946703a20c25e9d81/pytokens-0.4.1-cp314-cp314t-musllinux_1_2_x86_64.whl", hash = "sha256:967cf6e3fd4adf7de8fc73cd3043754ae79c36475c1c11d514fc72cf5490094a", size = 306698, upload-time = "2026-01-30T01:03:29.653Z" },
    { url = "https://files.pythonhosted.org/packages/39/2a/cbbf9250020a4a8dd53ba83a46c097b69e5eb49dd14e708f496f548c6612/pytokens-0.4.1-cp314-cp314t-win_amd64.whl", hash = "sha256:584c80c24b078eec1e227079d56dc22ff755e0ba8654d8383b2c549107528918", size = 116287, upload-time = "2026-01-30T01:03:30.912Z" },
    { url = "https://files.pythonhosted.org/packages/c6/78/397db326746f0a342855b81216ae1f0a32965deccfd7c830a2dbc66d2483/pytokens-0.4.1-py3-none-any.whl", hash = "sha256:26cef14744a8385f35d0e095dc8b3a7583f6c953c2e3d269c7f82484bf5ad2de", size = 13729, upload-time = "2026-01-30T01:03:45.029Z" },
]

[[package]]
name = "pyyaml"
version = "6.0.3"
source = { registry = "https://pypi.org/simple" }
sdist = { url = "https://files.pythonhosted.org/packages/05/8e/961c0007c59b8dd7729d542c61a4d537767a59645b82a0b521206e1e25c2/pyyaml-6.0.3.tar.gz", hash = "sha256:d76623373421df22fb4cf8817020cbb7ef15c725b9d5e45f17e189bfc384190f", size = 130960, upload-time = "2025-09-25T21:33:16.546Z" }
wheels = [
    { url = "https://files.pythonhosted.org/packages/d1/33/422b98d2195232ca1826284a76852ad5a86fe23e31b009c9886b2d0fb8b2/pyyaml-6.0.3-cp312-cp312-macosx_10_13_x86_64.whl", hash = "sha256:7f047e29dcae44602496db43be01ad42fc6f1cc0d8cd6c83d342306c32270196", size = 182063, upload-time = "2025-09-25T21:32:11.445Z" },
    { url = "https://files.pythonhosted.org/packages/89/a0/6cf41a19a1f2f3feab0e9c0b74134aa2ce6849093d5517a0c550fe37a648/pyyaml-6.0.3-cp312-cp312-macosx_11_0_arm64.whl", hash = "sha256:fc09d0aa354569bc501d4e787133afc08552722d3ab34836a80547331bb5d4a0", size = 173973, upload-time = "2025-09-25T21:32:12.492Z" },
    { url = "https://files.pythonhosted.org/packages/ed/23/7a778b6bd0b9a8039df8b1b1d80e2e2ad78aa04171592c8a5c43a56a6af4/pyyaml-6.0.3-cp312-cp312-manylinux2014_aarch64.manylinux_2_17_aarch64.manylinux_2_28_aarch64.whl", hash = "sha256:9149cad251584d5fb4981be1ecde53a1ca46c891a79788c0df828d2f166bda28", size = 775116, upload-time = "2025-09-25T21:32:13.652Z" },
    { url = "https://files.pythonhosted.org/packages/65/30/d7353c338e12baef4ecc1b09e877c1970bd3382789c159b4f89d6a70dc09/pyyaml-6.0.3-cp312-cp312-manylinux2014_s390x.manylinux_2_17_s390x.manylinux_2_28_s390x.whl", hash = "sha256:5fdec68f91a0c6739b380c83b951e2c72ac0197ace422360e6d5a959d8d97b2c", size = 844011, upload-time = "2025-09-25T21:32:15.21Z" },
    { url = "https://files.pythonhosted.org/packages/8b/9d/b3589d3877982d4f2329302ef98a8026e7f4443c765c46cfecc8858c6b4b/pyyaml-6.0.3-cp312-cp312-manylinux2014_x86_64.manylinux_2_17_x86_64.manylinux_2_28_x86_64.whl", hash = "sha256:ba1cc08a7ccde2d2ec775841541641e4548226580ab850948cbfda66a1befcdc", size = 807870, upload-time = "2025-09-25T21:32:16.431Z" },
    { url = "https://files.pythonhosted.org/packages/05/c0/b3be26a015601b822b97d9149ff8cb5ead58c66f981e04fedf4e762f4bd4/pyyaml-6.0.3-cp312-cp312-musllinux_1_2_aarch64.whl", hash = "sha256:8dc52c23056b9ddd46818a57b78404882310fb473d63f17b07d5c40421e47f8e", size = 761089, upload-time = "2025-09-25T21:32:17.56Z" },
    { url = "https://files.pythonhosted.org/packages/be/8e/98435a21d1d4b46590d5459a22d88128103f8da4c2d4cb8f14f2a96504e1/pyyaml-6.0.3-cp312-cp312-musllinux_1_2_x86_64.whl", hash = "sha256:41715c910c881bc081f1e8872880d3c650acf13dfa8214bad49ed4cede7c34ea", size = 790181, upload-time = "2025-09-25T21:32:18.834Z" },
    { url = "https://files.pythonhosted.org/packages/74/93/7baea19427dcfbe1e5a372d81473250b379f04b1bd3c4c5ff825e2327202/pyyaml-6.0.3-cp312-cp312-win32.whl", hash = "sha256:96b533f0e99f6579b3d4d4995707cf36df9100d67e0c8303a0c55b27b5f99bc5", size = 137658, upload-time = "2025-09-25T21:32:20.209Z" },
    { url = "https://files.pythonhosted.org/packages/86/bf/899e81e4cce32febab4fb42bb97dcdf66bc135272882d1987881a4b519e9/pyyaml-6.0.3-cp312-cp312-win_amd64.whl", hash = "sha256:5fcd34e47f6e0b794d17de1b4ff496c00986e1c83f7ab2fb8fcfe9616ff7477b", size = 154003, upload-time = "2025-09-25T21:32:21.167Z" },
    { url = "https://files.pythonhosted.org/packages/1a/08/67bd04656199bbb51dbed1439b7f27601dfb576fb864099c7ef0c3e55531/pyyaml-6.0.3-cp312-cp312-win_arm64.whl", hash = "sha256:64386e5e707d03a7e172c0701abfb7e10f0fb753ee1d773128192742712a98fd", size = 140344, upload-time = "2025-09-25T21:32:22.617Z" },
    { url = "https://files.pythonhosted.org/packages/d1/11/0fd08f8192109f7169db964b5707a2f1e8b745d4e239b784a5a1dd80d1db/pyyaml-6.0.3-cp313-cp313-macosx_10_13_x86_64.whl", hash = "sha256:8da9669d359f02c0b91ccc01cac4a67f16afec0dac22c2ad09f46bee0697eba8", size = 181669, upload-time = "2025-09-25T21:32:23.673Z" },
    { url = "https://files.pythonhosted.org/packages/b1/16/95309993f1d3748cd644e02e38b75d50cbc0d9561d21f390a76242ce073f/pyyaml-6.0.3-cp313-cp313-macosx_11_0_arm64.whl", hash = "sha256:2283a07e2c21a2aa78d9c4442724ec1eb15f5e42a723b99cb3d822d48f5f7ad1", size = 173252, upload-time = "2025-09-25T21:32:25.149Z" },
    { url = "https://files.pythonhosted.org/packages/50/31/b20f376d3f810b9b2371e72ef5adb33879b25edb7a6d072cb7ca0c486398/pyyaml-6.0.3-cp313-cp313-manylinux2014_aarch64.manylinux_2_17_aarch64.manylinux_2_28_aarch64.whl", hash = "sha256:ee2922902c45ae8ccada2c5b501ab86c36525b883eff4255313a253a3160861c", size = 767081, upload-time = "2025-09-25T21:32:26.575Z" },
    { url = "https://files.pythonhosted.org/packages/49/1e/a55ca81e949270d5d4432fbbd19dfea5321eda7c41a849d443dc92fd1ff7/pyyaml-6.0.3-cp313-cp313-manylinux2014_s390x.manylinux_2_17_s390x.manylinux_2_28_s390x.whl", hash = "sha256:a33284e20b78bd4a18c8c2282d549d10bc8408a2a7ff57653c0cf0b9be0afce5", size = 841159, upload-time = "2025-09-25T21:32:27.727Z" },
    { url = "https://files.pythonhosted.org/packages/74/27/e5b8f34d02d9995b80abcef563ea1f8b56d20134d8f4e5e81733b1feceb2/pyyaml-6.0.3-cp313-cp313-manylinux2014_x86_64.manylinux_2_17_x86_64.manylinux_2_28_x86_64.whl", hash = "sha256:0f29edc409a6392443abf94b9cf89ce99889a1dd5376d94316ae5145dfedd5d6", size = 801626, upload-time = "2025-09-25T21:32:28.878Z" },
    { url = "https://files.pythonhosted.org/packages/f9/11/ba845c23988798f40e52ba45f34849aa8a1f2d4af4b798588010792ebad6/pyyaml-6.0.3-cp313-cp313-musllinux_1_2_aarch64.whl", hash = "sha256:f7057c9a337546edc7973c0d3ba84ddcdf0daa14533c2065749c9075001090e6", size = 753613, upload-time = "2025-09-25T21:32:30.178Z" },
    { url = "https://files.pythonhosted.org/packages/3d/e0/7966e1a7bfc0a45bf0a7fb6b98ea03fc9b8d84fa7f2229e9659680b69ee3/pyyaml-6.0.3-cp313-cp313-musllinux_1_2_x86_64.whl", hash = "sha256:eda16858a3cab07b80edaf74336ece1f986ba330fdb8ee0d6c0d68fe82bc96be", size = 794115, upload-time = "2025-09-25T21:32:31.353Z" },
    { url = "https://files.pythonhosted.org/packages/de/94/980b50a6531b3019e45ddeada0626d45fa85cbe22300844a7983285bed3b/pyyaml-6.0.3-cp313-cp313-win32.whl", hash = "sha256:d0eae10f8159e8fdad514efdc92d74fd8d682c933a6dd088030f3834bc8e6b26", size = 137427, upload-time = "2025-09-25T21:32:32.58Z" },
    { url = "https://files.pythonhosted.org/packages/97/c9/39d5b874e8b28845e4ec2202b5da735d0199dbe5b8fb85f91398814a9a46/pyyaml-6.0.3-cp313-cp313-win_amd64.whl", hash = "sha256:79005a0d97d5ddabfeeea4cf676af11e647e41d81c9a7722a193022accdb6b7c", size = 154090, upload-time = "2025-09-25T21:32:33.659Z" },
    { url = "https://files.pythonhosted.org/packages/73/e8/2bdf3ca2090f68bb3d75b44da7bbc71843b19c9f2b9cb9b0f4ab7a5a4329/pyyaml-6.0.3-cp313-cp313-win_arm64.whl", hash = "sha256:5498cd1645aa724a7c71c8f378eb29ebe23da2fc0d7a08071d89469bf1d2defb", size = 140246, upload-time = "2025-09-25T21:32:34.663Z" },
    { url = "https://files.pythonhosted.org/packages/9d/8c/f4bd7f6465179953d3ac9bc44ac1a8a3e6122cf8ada906b4f96c60172d43/pyyaml-6.0.3-cp314-cp314-macosx_10_13_x86_64.whl", hash = "sha256:8d1fab6bb153a416f9aeb4b8763bc0f22a5586065f86f7664fc23339fc1c1fac", size = 181814, upload-time = "2025-09-25T21:32:35.712Z" },
    { url = "https://files.pythonhosted.org/packages/bd/9c/4d95bb87eb2063d20db7b60faa3840c1b18025517ae857371c4dd55a6b3a/pyyaml-6.0.3-cp314-cp314-macosx_11_0_arm64.whl", hash = "sha256:34d5fcd24b8445fadc33f9cf348c1047101756fd760b4dacb5c3e99755703310", size = 173809, upload-time = "2025-09-25T21:32:36.789Z" },
    { url = "https://files.pythonhosted.org/packages/92/b5/47e807c2623074914e29dabd16cbbdd4bf5e9b2db9f8090fa64411fc5382/pyyaml-6.0.3-cp314-cp314-manylinux2014_aarch64.manylinux_2_17_aarch64.manylinux_2_28_aarch64.whl", hash = "sha256:501a031947e3a9025ed4405a168e6ef5ae3126c59f90ce0cd6f2bfc477be31b7", size = 766454, upload-time = "2025-09-25T21:32:37.966Z" },
    { url = "https://files.pythonhosted.org/packages/02/9e/e5e9b168be58564121efb3de6859c452fccde0ab093d8438905899a3a483/pyyaml-6.0.3-cp314-cp314-manylinux2014_s390x.manylinux_2_17_s390x.manylinux_2_28_s390x.whl", hash = "sha256:b3bc83488de33889877a0f2543ade9f70c67d66d9ebb4ac959502e12de895788", size = 836355, upload-time = "2025-09-25T21:32:39.178Z" },
    { url = "https://files.pythonhosted.org/packages/88/f9/16491d7ed2a919954993e48aa941b200f38040928474c9e85ea9e64222c3/pyyaml-6.0.3-cp314-cp314-manylinux2014_x86_64.manylinux_2_17_x86_64.manylinux_2_28_x86_64.whl", hash = "sha256:c458b6d084f9b935061bc36216e8a69a7e293a2f1e68bf956dcd9e6cbcd143f5", size = 794175, upload-time = "2025-09-25T21:32:40.865Z" },
    { url = "https://files.pythonhosted.org/packages/dd/3f/5989debef34dc6397317802b527dbbafb2b4760878a53d4166579111411e/pyyaml-6.0.3-cp314-cp314-musllinux_1_2_aarch64.whl", hash = "sha256:7c6610def4f163542a622a73fb39f534f8c101d690126992300bf3207eab9764", size = 755228, upload-time = "2025-09-25T21:32:42.084Z" },
    { url = "https://files.pythonhosted.org/packages/d7/ce/af88a49043cd2e265be63d083fc75b27b6ed062f5f9fd6cdc223ad62f03e/pyyaml-6.0.3-cp314-cp314-musllinux_1_2_x86_64.whl", hash = "sha256:5190d403f121660ce8d1d2c1bb2ef1bd05b5f68533fc5c2ea899bd15f4399b35", size = 789194, upload-time = "2025-09-25T21:32:43.362Z" },
    { url = "https://files.pythonhosted.org/packages/23/20/bb6982b26a40bb43951265ba29d4c246ef0ff59c9fdcdf0ed04e0687de4d/pyyaml-6.0.3-cp314-cp314-win_amd64.whl", hash = "sha256:4a2e8cebe2ff6ab7d1050ecd59c25d4c8bd7e6f400f5f82b96557ac0abafd0ac", size = 156429, upload-time = "2025-09-25T21:32:57.844Z" },
    { url = "https://files.pythonhosted.org/packages/f4/f4/a4541072bb9422c8a883ab55255f918fa378ecf083f5b85e87fc2b4eda1b/pyyaml-6.0.3-cp314-cp314-win_arm64.whl", hash = "sha256:93dda82c9c22deb0a405ea4dc5f2d0cda384168e466364dec6255b293923b2f3", size = 143912, upload-time = "2025-09-25T21:32:59.247Z" },
    { url = "https://files.pythonhosted.org/packages/7c/f9/07dd09ae774e4616edf6cda684ee78f97777bdd15847253637a6f052a62f/pyyaml-6.0.3-cp314-cp314t-macosx_10_13_x86_64.whl", hash = "sha256:02893d100e99e03eda1c8fd5c441d8c60103fd175728e23e431db1b589cf5ab3", size = 189108, upload-time = "2025-09-25T21:32:44.377Z" },
    { url = "https://files.pythonhosted.org/packages/4e/78/8d08c9fb7ce09ad8c38ad533c1191cf27f7ae1effe5bb9400a46d9437fcf/pyyaml-6.0.3-cp314-cp314t-macosx_11_0_arm64.whl", hash = "sha256:c1ff362665ae507275af2853520967820d9124984e0f7466736aea23d8611fba", size = 183641, upload-time = "2025-09-25T21:32:45.407Z" },
    { url = "https://files.pythonhosted.org/packages/7b/5b/3babb19104a46945cf816d047db2788bcaf8c94527a805610b0289a01c6b/pyyaml-6.0.3-cp314-cp314t-manylinux2014_aarch64.manylinux_2_17_aarch64.manylinux_2_28_aarch64.whl", hash = "sha256:6adc77889b628398debc7b65c073bcb99c4a0237b248cacaf3fe8a557563ef6c", size = 831901, upload-time = "2025-09-25T21:32:48.83Z" },
    { url = "https://files.pythonhosted.org/packages/8b/cc/dff0684d8dc44da4d22a13f35f073d558c268780ce3c6ba1b87055bb0b87/pyyaml-6.0.3-cp314-cp314t-manylinux2014_s390x.manylinux_2_17_s390x.manylinux_2_28_s390x.whl", hash = "sha256:a80cb027f6b349846a3bf6d73b5e95e782175e52f22108cfa17876aaeff93702", size = 861132, upload-time = "2025-09-25T21:32:50.149Z" },
    { url = "https://files.pythonhosted.org/packages/b1/5e/f77dc6b9036943e285ba76b49e118d9ea929885becb0a29ba8a7c75e29fe/pyyaml-6.0.3-cp314-cp314t-manylinux2014_x86_64.manylinux_2_17_x86_64.manylinux_2_28_x86_64.whl", hash = "sha256:00c4bdeba853cc34e7dd471f16b4114f4162dc03e6b7afcc2128711f0eca823c", size = 839261, upload-time = "2025-09-25T21:32:51.808Z" },
    { url = "https://files.pythonhosted.org/packages/ce/88/a9db1376aa2a228197c58b37302f284b5617f56a5d959fd1763fb1675ce6/pyyaml-6.0.3-cp314-cp314t-musllinux_1_2_aarch64.whl", hash = "sha256:66e1674c3ef6f541c35191caae2d429b967b99e02040f5ba928632d9a7f0f065", size = 805272, upload-time = "2025-09-25T21:32:52.941Z" },
    { url = "https://files.pythonhosted.org/packages/da/92/1446574745d74df0c92e6aa4a7b0b3130706a4142b2d1a5869f2eaa423c6/pyyaml-6.0.3-cp314-cp314t-musllinux_1_2_x86_64.whl", hash = "sha256:16249ee61e95f858e83976573de0f5b2893b3677ba71c9dd36b9cf8be9ac6d65", size = 829923, upload-time = "2025-09-25T21:32:54.537Z" },
    { url = "https://files.pythonhosted.org/packages/f0/7a/1c7270340330e575b92f397352af856a8c06f230aa3e76f86b39d01b416a/pyyaml-6.0.3-cp314-cp314t-win_amd64.whl", hash = "sha256:4ad1906908f2f5ae4e5a8ddfce73c320c2a1429ec52eafd27138b7f1cbe341c9", size = 174062, upload-time = "2025-09-25T21:32:55.767Z" },
    { url = "https://files.pythonhosted.org/packages/f1/12/de94a39c2ef588c7e6455cfbe7343d3b2dc9d6b6b2f40c4c6565744c873d/pyyaml-6.0.3-cp314-cp314t-win_arm64.whl", hash = "sha256:ebc55a14a21cb14062aa4162f906cd962b28e2e9ea38f9b4391244cd8de4ae0b", size = 149341, upload-time = "2025-09-25T21:32:56.828Z" },
]

[[package]]
name = "pyyaml-ft"
version = "8.0.0"
source = { registry = "https://pypi.org/simple" }
sdist = { url = "https://files.pythonhosted.org/packages/5e/eb/5a0d575de784f9a1f94e2b1288c6886f13f34185e13117ed530f32b6f8a8/pyyaml_ft-8.0.0.tar.gz", hash = "sha256:0c947dce03954c7b5d38869ed4878b2e6ff1d44b08a0d84dc83fdad205ae39ab", size = 141057, upload-time = "2025-06-10T15:32:15.613Z" }
wheels = [
    { url = "https://files.pythonhosted.org/packages/68/ba/a067369fe61a2e57fb38732562927d5bae088c73cb9bb5438736a9555b29/pyyaml_ft-8.0.0-cp313-cp313-macosx_10_13_x86_64.whl", hash = "sha256:8c1306282bc958bfda31237f900eb52c9bedf9b93a11f82e1aab004c9a5657a6", size = 187027, upload-time = "2025-06-10T15:31:48.722Z" },
    { url = "https://files.pythonhosted.org/packages/ad/c5/a3d2020ce5ccfc6aede0d45bcb870298652ac0cf199f67714d250e0cdf39/pyyaml_ft-8.0.0-cp313-cp313-macosx_11_0_arm64.whl", hash = "sha256:30c5f1751625786c19de751e3130fc345ebcba6a86f6bddd6e1285342f4bbb69", size = 176146, upload-time = "2025-06-10T15:31:50.584Z" },
    { url = "https://files.pythonhosted.org/packages/e3/bb/23a9739291086ca0d3189eac7cd92b4d00e9fdc77d722ab610c35f9a82ba/pyyaml_ft-8.0.0-cp313-cp313-manylinux_2_17_aarch64.manylinux2014_aarch64.whl", hash = "sha256:3fa992481155ddda2e303fcc74c79c05eddcdbc907b888d3d9ce3ff3e2adcfb0", size = 746792, upload-time = "2025-06-10T15:31:52.304Z" },
    { url = "https://files.pythonhosted.org/packages/5f/c2/e8825f4ff725b7e560d62a3609e31d735318068e1079539ebfde397ea03e/pyyaml_ft-8.0.0-cp313-cp313-manylinux_2_17_s390x.manylinux2014_s390x.whl", hash = "sha256:cec6c92b4207004b62dfad1f0be321c9f04725e0f271c16247d8b39c3bf3ea42", size = 786772, upload-time = "2025-06-10T15:31:54.712Z" },
    { url = "https://files.pythonhosted.org/packages/35/be/58a4dcae8854f2fdca9b28d9495298fd5571a50d8430b1c3033ec95d2d0e/pyyaml_ft-8.0.0-cp313-cp313-manylinux_2_17_x86_64.manylinux2014_x86_64.whl", hash = "sha256:06237267dbcab70d4c0e9436d8f719f04a51123f0ca2694c00dd4b68c338e40b", size = 778723, upload-time = "2025-06-10T15:31:56.093Z" },
    { url = "https://files.pythonhosted.org/packages/86/ed/fed0da92b5d5d7340a082e3802d84c6dc9d5fa142954404c41a544c1cb92/pyyaml_ft-8.0.0-cp313-cp313-musllinux_1_2_aarch64.whl", hash = "sha256:8a7f332bc565817644cdb38ffe4739e44c3e18c55793f75dddb87630f03fc254", size = 758478, upload-time = "2025-06-10T15:31:58.314Z" },
    { url = "https://files.pythonhosted.org/packages/f0/69/ac02afe286275980ecb2dcdc0156617389b7e0c0a3fcdedf155c67be2b80/pyyaml_ft-8.0.0-cp313-cp313-musllinux_1_2_x86_64.whl", hash = "sha256:7d10175a746be65f6feb86224df5d6bc5c049ebf52b89a88cf1cd78af5a367a8", size = 799159, upload-time = "2025-06-10T15:31:59.675Z" },
    { url = "https://files.pythonhosted.org/packages/4e/ac/c492a9da2e39abdff4c3094ec54acac9747743f36428281fb186a03fab76/pyyaml_ft-8.0.0-cp313-cp313-win_amd64.whl", hash = "sha256:58e1015098cf8d8aec82f360789c16283b88ca670fe4275ef6c48c5e30b22a96", size = 158779, upload-time = "2025-06-10T15:32:01.029Z" },
    { url = "https://files.pythonhosted.org/packages/5d/9b/41998df3298960d7c67653669f37710fa2d568a5fc933ea24a6df60acaf6/pyyaml_ft-8.0.0-cp313-cp313t-macosx_10_13_x86_64.whl", hash = "sha256:e64fa5f3e2ceb790d50602b2fd4ec37abbd760a8c778e46354df647e7c5a4ebb", size = 191331, upload-time = "2025-06-10T15:32:02.602Z" },
    { url = "https://files.pythonhosted.org/packages/0f/16/2710c252ee04cbd74d9562ebba709e5a284faeb8ada88fcda548c9191b47/pyyaml_ft-8.0.0-cp313-cp313t-macosx_11_0_arm64.whl", hash = "sha256:8d445bf6ea16bb93c37b42fdacfb2f94c8e92a79ba9e12768c96ecde867046d1", size = 182879, upload-time = "2025-06-10T15:32:04.466Z" },
    { url = "https://files.pythonhosted.org/packages/9a/40/ae8163519d937fa7bfa457b6f78439cc6831a7c2b170e4f612f7eda71815/pyyaml_ft-8.0.0-cp313-cp313t-manylinux_2_17_aarch64.manylinux2014_aarch64.whl", hash = "sha256:8c56bb46b4fda34cbb92a9446a841da3982cdde6ea13de3fbd80db7eeeab8b49", size = 811277, upload-time = "2025-06-10T15:32:06.214Z" },
    { url = "https://files.pythonhosted.org/packages/f9/66/28d82dbff7f87b96f0eeac79b7d972a96b4980c1e445eb6a857ba91eda00/pyyaml_ft-8.0.0-cp313-cp313t-manylinux_2_17_s390x.manylinux2014_s390x.whl", hash = "sha256:dab0abb46eb1780da486f022dce034b952c8ae40753627b27a626d803926483b", size = 831650, upload-time = "2025-06-10T15:32:08.076Z" },
    { url = "https://files.pythonhosted.org/packages/e8/df/161c4566facac7d75a9e182295c223060373d4116dead9cc53a265de60b9/pyyaml_ft-8.0.0-cp313-cp313t-manylinux_2_17_x86_64.manylinux2014_x86_64.whl", hash = "sha256:bd48d639cab5ca50ad957b6dd632c7dd3ac02a1abe0e8196a3c24a52f5db3f7a", size = 815755, upload-time = "2025-06-10T15:32:09.435Z" },
    { url = "https://files.pythonhosted.org/packages/05/10/f42c48fa5153204f42eaa945e8d1fd7c10d6296841dcb2447bf7da1be5c4/pyyaml_ft-8.0.0-cp313-cp313t-musllinux_1_2_aarch64.whl", hash = "sha256:052561b89d5b2a8e1289f326d060e794c21fa068aa11255fe71d65baf18a632e", size = 810403, upload-time = "2025-06-10T15:32:11.051Z" },
    { url = "https://files.pythonhosted.org/packages/d5/d2/e369064aa51009eb9245399fd8ad2c562bd0bcd392a00be44b2a824ded7c/pyyaml_ft-8.0.0-cp313-cp313t-musllinux_1_2_x86_64.whl", hash = "sha256:3bb4b927929b0cb162fb1605392a321e3333e48ce616cdcfa04a839271373255", size = 835581, upload-time = "2025-06-10T15:32:12.897Z" },
    { url = "https://files.pythonhosted.org/packages/c0/28/26534bed77109632a956977f60d8519049f545abc39215d086e33a61f1f2/pyyaml_ft-8.0.0-cp313-cp313t-win_amd64.whl", hash = "sha256:de04cfe9439565e32f178106c51dd6ca61afaa2907d143835d501d84703d3793", size = 171579, upload-time = "2025-06-10T15:32:14.34Z" },
]

[[package]]
name = "types-flame"
version = "2026.2.3"
source = { editable = "." }

[package.optional-dependencies]
dev = [
    { name = "black" },
    { name = "libcst" },
]

[package.metadata]
requires-dist = [
    { name = "black", marker = "extra == 'dev'", specifier = ">=24.0" },
    { name = "libcst", marker = "extra == 'dev'" },
]
provides-extras = ["dev"]
